// !$*UTF8*$!
{
	archiveVersion = 1;
	classes = {
	};
	objectVersion = 55;
	objects = {

/* Begin PBXBuildFile section */
		CE3BA597282D771C005D4D0E /* AppDelegate.swift in Sources */ = {isa = PBXBuildFile; fileRef = CE3BA596282D771C005D4D0E /* AppDelegate.swift */; };
		CE3BA599282D771C005D4D0E /* SceneDelegate.swift in Sources */ = {isa = PBXBuildFile; fileRef = CE3BA598282D771C005D4D0E /* SceneDelegate.swift */; };
		CE3BA59C282D771C005D4D0E /* LaunchScreen.storyboard in Resources */ = {isa = PBXBuildFile; fileRef = CE3BA59A282D771C005D4D0E /* LaunchScreen.storyboard */; };
		CE3BA59F282D771C005D4D0E /* Main.storyboard in Resources */ = {isa = PBXBuildFile; fileRef = CE3BA59D282D771C005D4D0E /* Main.storyboard */; };
		CE3BA5A8282D771C005D4D0E /* AppDelegate.swift in Sources */ = {isa = PBXBuildFile; fileRef = CE3BA5A7282D771C005D4D0E /* AppDelegate.swift */; };
		CE3BA5AB282D771C005D4D0E /* Main.storyboard in Resources */ = {isa = PBXBuildFile; fileRef = CE3BA5A9282D771C005D4D0E /* Main.storyboard */; };
		CE3BA5B3282D771C005D4D0E /* Eggs Enhancement Suite Extension.appex in Embed App Extensions */ = {isa = PBXBuildFile; fileRef = CE3BA5B2282D771C005D4D0E /* Eggs Enhancement Suite Extension.appex */; settings = {ATTRIBUTES = (RemoveHeadersOnCopy, ); }; };
		CE3BA5BD282D771C005D4D0E /* Eggs Enhancement Suite Extension.appex in Embed App Extensions */ = {isa = PBXBuildFile; fileRef = CE3BA5BC282D771C005D4D0E /* Eggs Enhancement Suite Extension.appex */; settings = {ATTRIBUTES = (RemoveHeadersOnCopy, ); }; };
		CE3BA5C3282D771C005D4D0E /* Main.html in Resources */ = {isa = PBXBuildFile; fileRef = CE3BA586282D7719005D4D0E /* Main.html */; };
		CE3BA5C4282D771C005D4D0E /* Main.html in Resources */ = {isa = PBXBuildFile; fileRef = CE3BA586282D7719005D4D0E /* Main.html */; };
		CE3BA5C5282D771C005D4D0E /* Icon.png in Resources */ = {isa = PBXBuildFile; fileRef = CE3BA588282D7719005D4D0E /* Icon.png */; };
		CE3BA5C6282D771C005D4D0E /* Icon.png in Resources */ = {isa = PBXBuildFile; fileRef = CE3BA588282D7719005D4D0E /* Icon.png */; };
		CE3BA5C7282D771C005D4D0E /* Style.css in Resources */ = {isa = PBXBuildFile; fileRef = CE3BA589282D7719005D4D0E /* Style.css */; };
		CE3BA5C8282D771C005D4D0E /* Style.css in Resources */ = {isa = PBXBuildFile; fileRef = CE3BA589282D7719005D4D0E /* Style.css */; };
		CE3BA5C9282D771C005D4D0E /* Script.js in Resources */ = {isa = PBXBuildFile; fileRef = CE3BA58A282D7719005D4D0E /* Script.js */; };
		CE3BA5CA282D771C005D4D0E /* Script.js in Resources */ = {isa = PBXBuildFile; fileRef = CE3BA58A282D7719005D4D0E /* Script.js */; };
		CE3BA5CB282D771C005D4D0E /* ViewController.swift in Sources */ = {isa = PBXBuildFile; fileRef = CE3BA58B282D7719005D4D0E /* ViewController.swift */; };
		CE3BA5CC282D771C005D4D0E /* ViewController.swift in Sources */ = {isa = PBXBuildFile; fileRef = CE3BA58B282D7719005D4D0E /* ViewController.swift */; };
		CE3BA5CD282D771C005D4D0E /* Assets.xcassets in Resources */ = {isa = PBXBuildFile; fileRef = CE3BA58C282D771C005D4D0E /* Assets.xcassets */; };
		CE3BA5CE282D771C005D4D0E /* Assets.xcassets in Resources */ = {isa = PBXBuildFile; fileRef = CE3BA58C282D771C005D4D0E /* Assets.xcassets */; };
		CE3BA5CF282D771C005D4D0E /* SafariWebExtensionHandler.swift in Sources */ = {isa = PBXBuildFile; fileRef = CE3BA58E282D771C005D4D0E /* SafariWebExtensionHandler.swift */; };
		CE3BA5D0282D771C005D4D0E /* SafariWebExtensionHandler.swift in Sources */ = {isa = PBXBuildFile; fileRef = CE3BA58E282D771C005D4D0E /* SafariWebExtensionHandler.swift */; };
		CE3BA5F2282D771C005D4D0E /* icon48.94f0a55a.png in Resources */ = {isa = PBXBuildFile; fileRef = CE3BA5E2282D771C005D4D0E /* icon48.94f0a55a.png */; };
		CE3BA5F3282D771C005D4D0E /* icon32.c3065b79.png in Resources */ = {isa = PBXBuildFile; fileRef = CE3BA5E3282D771C005D4D0E /* icon32.c3065b79.png */; };
		CE3BA5F4282D771C005D4D0E /* icon24.465ecfe6.png in Resources */ = {isa = PBXBuildFile; fileRef = CE3BA5E4282D771C005D4D0E /* icon24.465ecfe6.png */; };
		CE3BA5F5282D771C005D4D0E /* popup.a3823e10.js in Resources */ = {isa = PBXBuildFile; fileRef = CE3BA5E5282D771C005D4D0E /* popup.a3823e10.js */; };
		CE3BA5F6282D771C005D4D0E /* popup.8dbeb517.html in Resources */ = {isa = PBXBuildFile; fileRef = CE3BA5E6282D771C005D4D0E /* popup.8dbeb517.html */; };
		CE3BA5F7282D771C005D4D0E /* main.0b9faa01.css in Resources */ = {isa = PBXBuildFile; fileRef = CE3BA5E7282D771C005D4D0E /* main.0b9faa01.css */; };
		CE3BA5F8282D771C005D4D0E /* main.b3b97635.js in Resources */ = {isa = PBXBuildFile; fileRef = CE3BA5E8282D771C005D4D0E /* main.b3b97635.js */; };
		CE3BA5F9282D771C005D4D0E /* useragent.0b4cf2e1.json in Resources */ = {isa = PBXBuildFile; fileRef = CE3BA5E9282D771C005D4D0E /* useragent.0b4cf2e1.json */; };
		CE3BA5FA282D771C005D4D0E /* _metadata in Resources */ = {isa = PBXBuildFile; fileRef = CE3BA5EA282D771C005D4D0E /* _metadata */; };
		CE3BA5FB282D771C005D4D0E /* manifest.json in Resources */ = {isa = PBXBuildFile; fileRef = CE3BA5EB282D771C005D4D0E /* manifest.json */; };
		CE3BA5FC282D771C005D4D0E /* main.72d369ec.js in Resources */ = {isa = PBXBuildFile; fileRef = CE3BA5EC282D771C005D4D0E /* main.72d369ec.js */; };
		CE3BA5FD282D771C005D4D0E /* autoreload.8b981e35.js in Resources */ = {isa = PBXBuildFile; fileRef = CE3BA5ED282D771C005D4D0E /* autoreload.8b981e35.js */; };
		CE3BA5FE282D771C005D4D0E /* icon64.9a4a7416.png in Resources */ = {isa = PBXBuildFile; fileRef = CE3BA5EE282D771C005D4D0E /* icon64.9a4a7416.png */; };
		CE3BA5FF282D771C005D4D0E /* icon19.7d35ef7a.png in Resources */ = {isa = PBXBuildFile; fileRef = CE3BA5EF282D771C005D4D0E /* icon19.7d35ef7a.png */; };
		CE3BA600282D771C005D4D0E /* icon16.d80de35f.png in Resources */ = {isa = PBXBuildFile; fileRef = CE3BA5F0282D771C005D4D0E /* icon16.d80de35f.png */; };
		CE3BA601282D771C005D4D0E /* icon128.6b99e565.png in Resources */ = {isa = PBXBuildFile; fileRef = CE3BA5F1282D771C005D4D0E /* icon128.6b99e565.png */; };
		CE3BA602282D771C005D4D0E /* icon48.94f0a55a.png in Resources */ = {isa = PBXBuildFile; fileRef = CE3BA5E2282D771C005D4D0E /* icon48.94f0a55a.png */; };
		CE3BA603282D771C005D4D0E /* icon32.c3065b79.png in Resources */ = {isa = PBXBuildFile; fileRef = CE3BA5E3282D771C005D4D0E /* icon32.c3065b79.png */; };
		CE3BA604282D771C005D4D0E /* icon24.465ecfe6.png in Resources */ = {isa = PBXBuildFile; fileRef = CE3BA5E4282D771C005D4D0E /* icon24.465ecfe6.png */; };
		CE3BA605282D771C005D4D0E /* popup.a3823e10.js in Resources */ = {isa = PBXBuildFile; fileRef = CE3BA5E5282D771C005D4D0E /* popup.a3823e10.js */; };
		CE3BA606282D771C005D4D0E /* popup.8dbeb517.html in Resources */ = {isa = PBXBuildFile; fileRef = CE3BA5E6282D771C005D4D0E /* popup.8dbeb517.html */; };
		CE3BA607282D771C005D4D0E /* main.0b9faa01.css in Resources */ = {isa = PBXBuildFile; fileRef = CE3BA5E7282D771C005D4D0E /* main.0b9faa01.css */; };
		CE3BA608282D771C005D4D0E /* main.b3b97635.js in Resources */ = {isa = PBXBuildFile; fileRef = CE3BA5E8282D771C005D4D0E /* main.b3b97635.js */; };
		CE3BA609282D771C005D4D0E /* useragent.0b4cf2e1.json in Resources */ = {isa = PBXBuildFile; fileRef = CE3BA5E9282D771C005D4D0E /* useragent.0b4cf2e1.json */; };
		CE3BA60A282D771C005D4D0E /* _metadata in Resources */ = {isa = PBXBuildFile; fileRef = CE3BA5EA282D771C005D4D0E /* _metadata */; };
		CE3BA60B282D771C005D4D0E /* manifest.json in Resources */ = {isa = PBXBuildFile; fileRef = CE3BA5EB282D771C005D4D0E /* manifest.json */; };
		CE3BA60C282D771C005D4D0E /* main.72d369ec.js in Resources */ = {isa = PBXBuildFile; fileRef = CE3BA5EC282D771C005D4D0E /* main.72d369ec.js */; };
		CE3BA60D282D771C005D4D0E /* autoreload.8b981e35.js in Resources */ = {isa = PBXBuildFile; fileRef = CE3BA5ED282D771C005D4D0E /* autoreload.8b981e35.js */; };
		CE3BA60E282D771C005D4D0E /* icon64.9a4a7416.png in Resources */ = {isa = PBXBuildFile; fileRef = CE3BA5EE282D771C005D4D0E /* icon64.9a4a7416.png */; };
		CE3BA60F282D771C005D4D0E /* icon19.7d35ef7a.png in Resources */ = {isa = PBXBuildFile; fileRef = CE3BA5EF282D771C005D4D0E /* icon19.7d35ef7a.png */; };
		CE3BA610282D771C005D4D0E /* icon16.d80de35f.png in Resources */ = {isa = PBXBuildFile; fileRef = CE3BA5F0282D771C005D4D0E /* icon16.d80de35f.png */; };
		CE3BA611282D771C005D4D0E /* icon128.6b99e565.png in Resources */ = {isa = PBXBuildFile; fileRef = CE3BA5F1282D771C005D4D0E /* icon128.6b99e565.png */; };
/* End PBXBuildFile section */

/* Begin PBXContainerItemProxy section */
		CE3BA5B4282D771C005D4D0E /* PBXContainerItemProxy */ = {
			isa = PBXContainerItemProxy;
			containerPortal = CE3BA580282D7719005D4D0E /* Project object */;
			proxyType = 1;
			remoteGlobalIDString = CE3BA5B1282D771C005D4D0E;
			remoteInfo = "Eggs Enhancement Suite Extension (iOS)";
		};
		CE3BA5BE282D771C005D4D0E /* PBXContainerItemProxy */ = {
			isa = PBXContainerItemProxy;
			containerPortal = CE3BA580282D7719005D4D0E /* Project object */;
			proxyType = 1;
			remoteGlobalIDString = CE3BA5BB282D771C005D4D0E;
			remoteInfo = "Eggs Enhancement Suite Extension (macOS)";
		};
/* End PBXContainerItemProxy section */

/* Begin PBXCopyFilesBuildPhase section */
		CE3BA5D6282D771C005D4D0E /* Embed App Extensions */ = {
			isa = PBXCopyFilesBuildPhase;
			buildActionMask = 2147483647;
			dstPath = "";
			dstSubfolderSpec = 13;
			files = (
				CE3BA5B3282D771C005D4D0E /* Eggs Enhancement Suite Extension.appex in Embed App Extensions */,
			);
			name = "Embed App Extensions";
			runOnlyForDeploymentPostprocessing = 0;
		};
		CE3BA5DD282D771C005D4D0E /* Embed App Extensions */ = {
			isa = PBXCopyFilesBuildPhase;
			buildActionMask = 2147483647;
			dstPath = "";
			dstSubfolderSpec = 13;
			files = (
				CE3BA5BD282D771C005D4D0E /* Eggs Enhancement Suite Extension.appex in Embed App Extensions */,
			);
			name = "Embed App Extensions";
			runOnlyForDeploymentPostprocessing = 0;
		};
/* End PBXCopyFilesBuildPhase section */

/* Begin PBXFileReference section */
		CE3BA587282D7719005D4D0E /* Base */ = {isa = PBXFileReference; lastKnownFileType = text.html; name = Base; path = ../Base.lproj/Main.html; sourceTree = "<group>"; };
		CE3BA588282D7719005D4D0E /* Icon.png */ = {isa = PBXFileReference; lastKnownFileType = image.png; path = Icon.png; sourceTree = "<group>"; };
		CE3BA589282D7719005D4D0E /* Style.css */ = {isa = PBXFileReference; lastKnownFileType = text.css; path = Style.css; sourceTree = "<group>"; };
		CE3BA58A282D7719005D4D0E /* Script.js */ = {isa = PBXFileReference; lastKnownFileType = sourcecode.javascript; path = Script.js; sourceTree = "<group>"; };
		CE3BA58B282D7719005D4D0E /* ViewController.swift */ = {isa = PBXFileReference; lastKnownFileType = sourcecode.swift; path = ViewController.swift; sourceTree = "<group>"; };
		CE3BA58C282D771C005D4D0E /* Assets.xcassets */ = {isa = PBXFileReference; lastKnownFileType = folder.assetcatalog; path = Assets.xcassets; sourceTree = "<group>"; };
		CE3BA58E282D771C005D4D0E /* SafariWebExtensionHandler.swift */ = {isa = PBXFileReference; lastKnownFileType = sourcecode.swift; path = SafariWebExtensionHandler.swift; sourceTree = "<group>"; };
		CE3BA593282D771C005D4D0E /* Eggs Enhancement Suite.app */ = {isa = PBXFileReference; explicitFileType = wrapper.application; includeInIndex = 0; path = "Eggs Enhancement Suite.app"; sourceTree = BUILT_PRODUCTS_DIR; };
		CE3BA596282D771C005D4D0E /* AppDelegate.swift */ = {isa = PBXFileReference; lastKnownFileType = sourcecode.swift; path = AppDelegate.swift; sourceTree = "<group>"; };
		CE3BA598282D771C005D4D0E /* SceneDelegate.swift */ = {isa = PBXFileReference; lastKnownFileType = sourcecode.swift; path = SceneDelegate.swift; sourceTree = "<group>"; };
		CE3BA59B282D771C005D4D0E /* Base */ = {isa = PBXFileReference; lastKnownFileType = file.storyboard; name = Base; path = Base.lproj/LaunchScreen.storyboard; sourceTree = "<group>"; };
		CE3BA59E282D771C005D4D0E /* Base */ = {isa = PBXFileReference; lastKnownFileType = file.storyboard; name = Base; path = Base.lproj/Main.storyboard; sourceTree = "<group>"; };
		CE3BA5A0282D771C005D4D0E /* Info.plist */ = {isa = PBXFileReference; lastKnownFileType = text.plist.xml; path = Info.plist; sourceTree = "<group>"; };
		CE3BA5A5282D771C005D4D0E /* Eggs Enhancement Suite.app */ = {isa = PBXFileReference; explicitFileType = wrapper.application; includeInIndex = 0; path = "Eggs Enhancement Suite.app"; sourceTree = BUILT_PRODUCTS_DIR; };
		CE3BA5A7282D771C005D4D0E /* AppDelegate.swift */ = {isa = PBXFileReference; lastKnownFileType = sourcecode.swift; path = AppDelegate.swift; sourceTree = "<group>"; };
		CE3BA5AA282D771C005D4D0E /* Base */ = {isa = PBXFileReference; lastKnownFileType = file.storyboard; name = Base; path = Base.lproj/Main.storyboard; sourceTree = "<group>"; };
		CE3BA5AC282D771C005D4D0E /* Info.plist */ = {isa = PBXFileReference; lastKnownFileType = text.plist.xml; path = Info.plist; sourceTree = "<group>"; };
		CE3BA5AD282D771C005D4D0E /* Eggs Enhancement Suite.entitlements */ = {isa = PBXFileReference; lastKnownFileType = text.plist.entitlements; path = "Eggs Enhancement Suite.entitlements"; sourceTree = "<group>"; };
		CE3BA5B2282D771C005D4D0E /* Eggs Enhancement Suite Extension.appex */ = {isa = PBXFileReference; explicitFileType = "wrapper.app-extension"; includeInIndex = 0; path = "Eggs Enhancement Suite Extension.appex"; sourceTree = BUILT_PRODUCTS_DIR; };
		CE3BA5B7282D771C005D4D0E /* Info.plist */ = {isa = PBXFileReference; lastKnownFileType = text.plist.xml; path = Info.plist; sourceTree = "<group>"; };
		CE3BA5BC282D771C005D4D0E /* Eggs Enhancement Suite Extension.appex */ = {isa = PBXFileReference; explicitFileType = "wrapper.app-extension"; includeInIndex = 0; path = "Eggs Enhancement Suite Extension.appex"; sourceTree = BUILT_PRODUCTS_DIR; };
		CE3BA5C1282D771C005D4D0E /* Info.plist */ = {isa = PBXFileReference; lastKnownFileType = text.plist.xml; path = Info.plist; sourceTree = "<group>"; };
		CE3BA5C2282D771C005D4D0E /* Eggs Enhancement Suite.entitlements */ = {isa = PBXFileReference; lastKnownFileType = text.plist.entitlements; path = "Eggs Enhancement Suite.entitlements"; sourceTree = "<group>"; };
		CE3BA5E2282D771C005D4D0E /* icon48.94f0a55a.png */ = {isa = PBXFileReference; lastKnownFileType = image.png; name = icon48.94f0a55a.png; path = ../../../dist/icon48.94f0a55a.png; sourceTree = "<group>"; };
		CE3BA5E3282D771C005D4D0E /* icon32.c3065b79.png */ = {isa = PBXFileReference; lastKnownFileType = image.png; name = icon32.c3065b79.png; path = ../../../dist/icon32.c3065b79.png; sourceTree = "<group>"; };
		CE3BA5E4282D771C005D4D0E /* icon24.465ecfe6.png */ = {isa = PBXFileReference; lastKnownFileType = image.png; name = icon24.465ecfe6.png; path = ../../../dist/icon24.465ecfe6.png; sourceTree = "<group>"; };
		CE3BA5E5282D771C005D4D0E /* popup.a3823e10.js */ = {isa = PBXFileReference; lastKnownFileType = sourcecode.javascript; name = popup.a3823e10.js; path = ../../../dist/popup.a3823e10.js; sourceTree = "<group>"; };
		CE3BA5E6282D771C005D4D0E /* popup.8dbeb517.html */ = {isa = PBXFileReference; lastKnownFileType = text.html; name = popup.8dbeb517.html; path = ../../../dist/popup.8dbeb517.html; sourceTree = "<group>"; };
		CE3BA5E7282D771C005D4D0E /* main.0b9faa01.css */ = {isa = PBXFileReference; lastKnownFileType = text.css; name = main.0b9faa01.css; path = ../../../dist/main.0b9faa01.css; sourceTree = "<group>"; };
		CE3BA5E8282D771C005D4D0E /* main.b3b97635.js */ = {isa = PBXFileReference; lastKnownFileType = sourcecode.javascript; name = main.b3b97635.js; path = ../../../dist/main.b3b97635.js; sourceTree = "<group>"; };
		CE3BA5E9282D771C005D4D0E /* useragent.0b4cf2e1.json */ = {isa = PBXFileReference; lastKnownFileType = text.json; name = useragent.0b4cf2e1.json; path = ../../../dist/useragent.0b4cf2e1.json; sourceTree = "<group>"; };
		CE3BA5EA282D771C005D4D0E /* _metadata */ = {isa = PBXFileReference; lastKnownFileType = folder; name = _metadata; path = ../../../dist/_metadata; sourceTree = "<group>"; };
		CE3BA5EB282D771C005D4D0E /* manifest.json */ = {isa = PBXFileReference; lastKnownFileType = text.json; name = manifest.json; path = ../../../dist/manifest.json; sourceTree = "<group>"; };
		CE3BA5EC282D771C005D4D0E /* main.72d369ec.js */ = {isa = PBXFileReference; lastKnownFileType = sourcecode.javascript; name = main.72d369ec.js; path = ../../../dist/main.72d369ec.js; sourceTree = "<group>"; };
		CE3BA5ED282D771C005D4D0E /* autoreload.8b981e35.js */ = {isa = PBXFileReference; lastKnownFileType = sourcecode.javascript; name = autoreload.8b981e35.js; path = ../../../dist/autoreload.8b981e35.js; sourceTree = "<group>"; };
		CE3BA5EE282D771C005D4D0E /* icon64.9a4a7416.png */ = {isa = PBXFileReference; lastKnownFileType = image.png; name = icon64.9a4a7416.png; path = ../../../dist/icon64.9a4a7416.png; sourceTree = "<group>"; };
		CE3BA5EF282D771C005D4D0E /* icon19.7d35ef7a.png */ = {isa = PBXFileReference; lastKnownFileType = image.png; name = icon19.7d35ef7a.png; path = ../../../dist/icon19.7d35ef7a.png; sourceTree = "<group>"; };
		CE3BA5F0282D771C005D4D0E /* icon16.d80de35f.png */ = {isa = PBXFileReference; lastKnownFileType = image.png; name = icon16.d80de35f.png; path = ../../../dist/icon16.d80de35f.png; sourceTree = "<group>"; };
		CE3BA5F1282D771C005D4D0E /* icon128.6b99e565.png */ = {isa = PBXFileReference; lastKnownFileType = image.png; name = icon128.6b99e565.png; path = ../../../dist/icon128.6b99e565.png; sourceTree = "<group>"; };
/* End PBXFileReference section */

/* Begin PBXFrameworksBuildPhase section */
		CE3BA590282D771C005D4D0E /* Frameworks */ = {
			isa = PBXFrameworksBuildPhase;
			buildActionMask = 2147483647;
			files = (
			);
			runOnlyForDeploymentPostprocessing = 0;
		};
		CE3BA5A2282D771C005D4D0E /* Frameworks */ = {
			isa = PBXFrameworksBuildPhase;
			buildActionMask = 2147483647;
			files = (
			);
			runOnlyForDeploymentPostprocessing = 0;
		};
		CE3BA5AF282D771C005D4D0E /* Frameworks */ = {
			isa = PBXFrameworksBuildPhase;
			buildActionMask = 2147483647;
			files = (
			);
			runOnlyForDeploymentPostprocessing = 0;
		};
		CE3BA5B9282D771C005D4D0E /* Frameworks */ = {
			isa = PBXFrameworksBuildPhase;
			buildActionMask = 2147483647;
			files = (
			);
			runOnlyForDeploymentPostprocessing = 0;
		};
/* End PBXFrameworksBuildPhase section */

/* Begin PBXGroup section */
		CE3BA57F282D7719005D4D0E = {
			isa = PBXGroup;
			children = (
				CE3BA584282D7719005D4D0E /* Shared (App) */,
				CE3BA58D282D771C005D4D0E /* Shared (Extension) */,
				CE3BA595282D771C005D4D0E /* iOS (App) */,
				CE3BA5A6282D771C005D4D0E /* macOS (App) */,
				CE3BA5B6282D771C005D4D0E /* iOS (Extension) */,
				CE3BA5C0282D771C005D4D0E /* macOS (Extension) */,
				CE3BA594282D771C005D4D0E /* Products */,
			);
			sourceTree = "<group>";
		};
		CE3BA584282D7719005D4D0E /* Shared (App) */ = {
			isa = PBXGroup;
			children = (
				CE3BA58B282D7719005D4D0E /* ViewController.swift */,
				CE3BA58C282D771C005D4D0E /* Assets.xcassets */,
				CE3BA585282D7719005D4D0E /* Resources */,
			);
			path = "Shared (App)";
			sourceTree = "<group>";
		};
		CE3BA585282D7719005D4D0E /* Resources */ = {
			isa = PBXGroup;
			children = (
				CE3BA586282D7719005D4D0E /* Main.html */,
				CE3BA588282D7719005D4D0E /* Icon.png */,
				CE3BA589282D7719005D4D0E /* Style.css */,
				CE3BA58A282D7719005D4D0E /* Script.js */,
			);
			path = Resources;
			sourceTree = "<group>";
		};
		CE3BA58D282D771C005D4D0E /* Shared (Extension) */ = {
			isa = PBXGroup;
			children = (
				CE3BA5E1282D771C005D4D0E /* Resources */,
				CE3BA58E282D771C005D4D0E /* SafariWebExtensionHandler.swift */,
			);
			path = "Shared (Extension)";
			sourceTree = "<group>";
		};
		CE3BA594282D771C005D4D0E /* Products */ = {
			isa = PBXGroup;
			children = (
				CE3BA593282D771C005D4D0E /* Eggs Enhancement Suite.app */,
				CE3BA5A5282D771C005D4D0E /* Eggs Enhancement Suite.app */,
				CE3BA5B2282D771C005D4D0E /* Eggs Enhancement Suite Extension.appex */,
				CE3BA5BC282D771C005D4D0E /* Eggs Enhancement Suite Extension.appex */,
			);
			name = Products;
			sourceTree = "<group>";
		};
		CE3BA595282D771C005D4D0E /* iOS (App) */ = {
			isa = PBXGroup;
			children = (
				CE3BA596282D771C005D4D0E /* AppDelegate.swift */,
				CE3BA598282D771C005D4D0E /* SceneDelegate.swift */,
				CE3BA59A282D771C005D4D0E /* LaunchScreen.storyboard */,
				CE3BA59D282D771C005D4D0E /* Main.storyboard */,
				CE3BA5A0282D771C005D4D0E /* Info.plist */,
			);
			path = "iOS (App)";
			sourceTree = "<group>";
		};
		CE3BA5A6282D771C005D4D0E /* macOS (App) */ = {
			isa = PBXGroup;
			children = (
				CE3BA5A7282D771C005D4D0E /* AppDelegate.swift */,
				CE3BA5A9282D771C005D4D0E /* Main.storyboard */,
				CE3BA5AC282D771C005D4D0E /* Info.plist */,
				CE3BA5AD282D771C005D4D0E /* Eggs Enhancement Suite.entitlements */,
			);
			path = "macOS (App)";
			sourceTree = "<group>";
		};
		CE3BA5B6282D771C005D4D0E /* iOS (Extension) */ = {
			isa = PBXGroup;
			children = (
				CE3BA5B7282D771C005D4D0E /* Info.plist */,
			);
			path = "iOS (Extension)";
			sourceTree = "<group>";
		};
		CE3BA5C0282D771C005D4D0E /* macOS (Extension) */ = {
			isa = PBXGroup;
			children = (
				CE3BA5C1282D771C005D4D0E /* Info.plist */,
				CE3BA5C2282D771C005D4D0E /* Eggs Enhancement Suite.entitlements */,
			);
			path = "macOS (Extension)";
			sourceTree = "<group>";
		};
		CE3BA5E1282D771C005D4D0E /* Resources */ = {
			isa = PBXGroup;
			children = (
				CE3BA5E2282D771C005D4D0E /* icon48.94f0a55a.png */,
				CE3BA5E3282D771C005D4D0E /* icon32.c3065b79.png */,
				CE3BA5E4282D771C005D4D0E /* icon24.465ecfe6.png */,
				CE3BA5E5282D771C005D4D0E /* popup.a3823e10.js */,
				CE3BA5E6282D771C005D4D0E /* popup.8dbeb517.html */,
				CE3BA5E7282D771C005D4D0E /* main.0b9faa01.css */,
				CE3BA5E8282D771C005D4D0E /* main.b3b97635.js */,
				CE3BA5E9282D771C005D4D0E /* useragent.0b4cf2e1.json */,
				CE3BA5EA282D771C005D4D0E /* _metadata */,
				CE3BA5EB282D771C005D4D0E /* manifest.json */,
				CE3BA5EC282D771C005D4D0E /* main.72d369ec.js */,
				CE3BA5ED282D771C005D4D0E /* autoreload.8b981e35.js */,
				CE3BA5EE282D771C005D4D0E /* icon64.9a4a7416.png */,
				CE3BA5EF282D771C005D4D0E /* icon19.7d35ef7a.png */,
				CE3BA5F0282D771C005D4D0E /* icon16.d80de35f.png */,
				CE3BA5F1282D771C005D4D0E /* icon128.6b99e565.png */,
			);
			name = Resources;
			path = "Shared (Extension)";
			sourceTree = SOURCE_ROOT;
		};
/* End PBXGroup section */

/* Begin PBXNativeTarget section */
		CE3BA592282D771C005D4D0E /* Eggs Enhancement Suite (iOS) */ = {
			isa = PBXNativeTarget;
			buildConfigurationList = CE3BA5D7282D771C005D4D0E /* Build configuration list for PBXNativeTarget "Eggs Enhancement Suite (iOS)" */;
			buildPhases = (
				CE3BA58F282D771C005D4D0E /* Sources */,
				CE3BA590282D771C005D4D0E /* Frameworks */,
				CE3BA591282D771C005D4D0E /* Resources */,
				CE3BA5D6282D771C005D4D0E /* Embed App Extensions */,
			);
			buildRules = (
			);
			dependencies = (
				CE3BA5B5282D771C005D4D0E /* PBXTargetDependency */,
			);
			name = "Eggs Enhancement Suite (iOS)";
			productName = "Eggs Enhancement Suite (iOS)";
			productReference = CE3BA593282D771C005D4D0E /* Eggs Enhancement Suite.app */;
			productType = "com.apple.product-type.application";
		};
		CE3BA5A4282D771C005D4D0E /* Eggs Enhancement Suite (macOS) */ = {
			isa = PBXNativeTarget;
			buildConfigurationList = CE3BA5DE282D771C005D4D0E /* Build configuration list for PBXNativeTarget "Eggs Enhancement Suite (macOS)" */;
			buildPhases = (
				CE3BA5A1282D771C005D4D0E /* Sources */,
				CE3BA5A2282D771C005D4D0E /* Frameworks */,
				CE3BA5A3282D771C005D4D0E /* Resources */,
				CE3BA5DD282D771C005D4D0E /* Embed App Extensions */,
			);
			buildRules = (
			);
			dependencies = (
				CE3BA5BF282D771C005D4D0E /* PBXTargetDependency */,
			);
			name = "Eggs Enhancement Suite (macOS)";
			productName = "Eggs Enhancement Suite (macOS)";
			productReference = CE3BA5A5282D771C005D4D0E /* Eggs Enhancement Suite.app */;
			productType = "com.apple.product-type.application";
		};
		CE3BA5B1282D771C005D4D0E /* Eggs Enhancement Suite Extension (iOS) */ = {
			isa = PBXNativeTarget;
			buildConfigurationList = CE3BA5D3282D771C005D4D0E /* Build configuration list for PBXNativeTarget "Eggs Enhancement Suite Extension (iOS)" */;
			buildPhases = (
				CE3BA5AE282D771C005D4D0E /* Sources */,
				CE3BA5AF282D771C005D4D0E /* Frameworks */,
				CE3BA5B0282D771C005D4D0E /* Resources */,
			);
			buildRules = (
			);
			dependencies = (
			);
			name = "Eggs Enhancement Suite Extension (iOS)";
			productName = "Eggs Enhancement Suite Extension (iOS)";
			productReference = CE3BA5B2282D771C005D4D0E /* Eggs Enhancement Suite Extension.appex */;
			productType = "com.apple.product-type.app-extension";
		};
		CE3BA5BB282D771C005D4D0E /* Eggs Enhancement Suite Extension (macOS) */ = {
			isa = PBXNativeTarget;
			buildConfigurationList = CE3BA5DA282D771C005D4D0E /* Build configuration list for PBXNativeTarget "Eggs Enhancement Suite Extension (macOS)" */;
			buildPhases = (
				CE3BA5B8282D771C005D4D0E /* Sources */,
				CE3BA5B9282D771C005D4D0E /* Frameworks */,
				CE3BA5BA282D771C005D4D0E /* Resources */,
			);
			buildRules = (
			);
			dependencies = (
			);
			name = "Eggs Enhancement Suite Extension (macOS)";
			productName = "Eggs Enhancement Suite Extension (macOS)";
			productReference = CE3BA5BC282D771C005D4D0E /* Eggs Enhancement Suite Extension.appex */;
			productType = "com.apple.product-type.app-extension";
		};
/* End PBXNativeTarget section */

/* Begin PBXProject section */
		CE3BA580282D7719005D4D0E /* Project object */ = {
			isa = PBXProject;
			attributes = {
				BuildIndependentTargetsInParallel = 1;
				LastSwiftUpdateCheck = 1330;
				LastUpgradeCheck = 1330;
				TargetAttributes = {
					CE3BA592282D771C005D4D0E = {
						CreatedOnToolsVersion = 13.3.1;
					};
					CE3BA5A4282D771C005D4D0E = {
						CreatedOnToolsVersion = 13.3.1;
					};
					CE3BA5B1282D771C005D4D0E = {
						CreatedOnToolsVersion = 13.3.1;
					};
					CE3BA5BB282D771C005D4D0E = {
						CreatedOnToolsVersion = 13.3.1;
					};
				};
			};
			buildConfigurationList = CE3BA583282D7719005D4D0E /* Build configuration list for PBXProject "Eggs Enhancement Suite" */;
			compatibilityVersion = "Xcode 13.0";
			developmentRegion = en;
			hasScannedForEncodings = 0;
			knownRegions = (
				en,
				Base,
			);
			mainGroup = CE3BA57F282D7719005D4D0E;
			productRefGroup = CE3BA594282D771C005D4D0E /* Products */;
			projectDirPath = "";
			projectRoot = "";
			targets = (
				CE3BA592282D771C005D4D0E /* Eggs Enhancement Suite (iOS) */,
				CE3BA5A4282D771C005D4D0E /* Eggs Enhancement Suite (macOS) */,
				CE3BA5B1282D771C005D4D0E /* Eggs Enhancement Suite Extension (iOS) */,
				CE3BA5BB282D771C005D4D0E /* Eggs Enhancement Suite Extension (macOS) */,
			);
		};
/* End PBXProject section */

/* Begin PBXResourcesBuildPhase section */
		CE3BA591282D771C005D4D0E /* Resources */ = {
			isa = PBXResourcesBuildPhase;
			buildActionMask = 2147483647;
			files = (
				CE3BA5C5282D771C005D4D0E /* Icon.png in Resources */,
				CE3BA59C282D771C005D4D0E /* LaunchScreen.storyboard in Resources */,
				CE3BA5C3282D771C005D4D0E /* Main.html in Resources */,
				CE3BA5C9282D771C005D4D0E /* Script.js in Resources */,
				CE3BA5CD282D771C005D4D0E /* Assets.xcassets in Resources */,
				CE3BA59F282D771C005D4D0E /* Main.storyboard in Resources */,
				CE3BA5C7282D771C005D4D0E /* Style.css in Resources */,
			);
			runOnlyForDeploymentPostprocessing = 0;
		};
		CE3BA5A3282D771C005D4D0E /* Resources */ = {
			isa = PBXResourcesBuildPhase;
			buildActionMask = 2147483647;
			files = (
				CE3BA5C6282D771C005D4D0E /* Icon.png in Resources */,
				CE3BA5C8282D771C005D4D0E /* Style.css in Resources */,
				CE3BA5AB282D771C005D4D0E /* Main.storyboard in Resources */,
				CE3BA5CA282D771C005D4D0E /* Script.js in Resources */,
				CE3BA5CE282D771C005D4D0E /* Assets.xcassets in Resources */,
				CE3BA5C4282D771C005D4D0E /* Main.html in Resources */,
			);
			runOnlyForDeploymentPostprocessing = 0;
		};
		CE3BA5B0282D771C005D4D0E /* Resources */ = {
			isa = PBXResourcesBuildPhase;
			buildActionMask = 2147483647;
			files = (
				CE3BA60E282D771C005D4D0E /* icon64.9a4a7416.png in Resources */,
				CE3BA60C282D771C005D4D0E /* main.72d369ec.js in Resources */,
				CE3BA606282D771C005D4D0E /* popup.8dbeb517.html in Resources */,
				CE3BA602282D771C005D4D0E /* icon48.94f0a55a.png in Resources */,
				CE3BA60B282D771C005D4D0E /* manifest.json in Resources */,
				CE3BA60D282D771C005D4D0E /* autoreload.8b981e35.js in Resources */,
				CE3BA610282D771C005D4D0E /* icon16.d80de35f.png in Resources */,
				CE3BA609282D771C005D4D0E /* useragent.0b4cf2e1.json in Resources */,
				CE3BA611282D771C005D4D0E /* icon128.6b99e565.png in Resources */,
				CE3BA608282D771C005D4D0E /* main.b3b97635.js in Resources */,
				CE3BA605282D771C005D4D0E /* popup.a3823e10.js in Resources */,
				CE3BA603282D771C005D4D0E /* icon32.c3065b79.png in Resources */,
				CE3BA60A282D771C005D4D0E /* _metadata in Resources */,
				CE3BA604282D771C005D4D0E /* icon24.465ecfe6.png in Resources */,
				CE3BA607282D771C005D4D0E /* main.0b9faa01.css in Resources */,
				CE3BA60F282D771C005D4D0E /* icon19.7d35ef7a.png in Resources */,
			);
			runOnlyForDeploymentPostprocessing = 0;
		};
		CE3BA5BA282D771C005D4D0E /* Resources */ = {
			isa = PBXResourcesBuildPhase;
			buildActionMask = 2147483647;
			files = (
				CE3BA5FE282D771C005D4D0E /* icon64.9a4a7416.png in Resources */,
				CE3BA5FC282D771C005D4D0E /* main.72d369ec.js in Resources */,
				CE3BA5F6282D771C005D4D0E /* popup.8dbeb517.html in Resources */,
				CE3BA5F2282D771C005D4D0E /* icon48.94f0a55a.png in Resources */,
				CE3BA5FB282D771C005D4D0E /* manifest.json in Resources */,
				CE3BA5FD282D771C005D4D0E /* autoreload.8b981e35.js in Resources */,
				CE3BA600282D771C005D4D0E /* icon16.d80de35f.png in Resources */,
				CE3BA5F9282D771C005D4D0E /* useragent.0b4cf2e1.json in Resources */,
				CE3BA601282D771C005D4D0E /* icon128.6b99e565.png in Resources */,
				CE3BA5F8282D771C005D4D0E /* main.b3b97635.js in Resources */,
				CE3BA5F5282D771C005D4D0E /* popup.a3823e10.js in Resources */,
				CE3BA5F3282D771C005D4D0E /* icon32.c3065b79.png in Resources */,
				CE3BA5FA282D771C005D4D0E /* _metadata in Resources */,
				CE3BA5F4282D771C005D4D0E /* icon24.465ecfe6.png in Resources */,
				CE3BA5F7282D771C005D4D0E /* main.0b9faa01.css in Resources */,
				CE3BA5FF282D771C005D4D0E /* icon19.7d35ef7a.png in Resources */,
			);
			runOnlyForDeploymentPostprocessing = 0;
		};
/* End PBXResourcesBuildPhase section */

/* Begin PBXSourcesBuildPhase section */
		CE3BA58F282D771C005D4D0E /* Sources */ = {
			isa = PBXSourcesBuildPhase;
			buildActionMask = 2147483647;
			files = (
				CE3BA5CB282D771C005D4D0E /* ViewController.swift in Sources */,
				CE3BA597282D771C005D4D0E /* AppDelegate.swift in Sources */,
				CE3BA599282D771C005D4D0E /* SceneDelegate.swift in Sources */,
			);
			runOnlyForDeploymentPostprocessing = 0;
		};
		CE3BA5A1282D771C005D4D0E /* Sources */ = {
			isa = PBXSourcesBuildPhase;
			buildActionMask = 2147483647;
			files = (
				CE3BA5CC282D771C005D4D0E /* ViewController.swift in Sources */,
				CE3BA5A8282D771C005D4D0E /* AppDelegate.swift in Sources */,
			);
			runOnlyForDeploymentPostprocessing = 0;
		};
		CE3BA5AE282D771C005D4D0E /* Sources */ = {
			isa = PBXSourcesBuildPhase;
			buildActionMask = 2147483647;
			files = (
				CE3BA5CF282D771C005D4D0E /* SafariWebExtensionHandler.swift in Sources */,
			);
			runOnlyForDeploymentPostprocessing = 0;
		};
		CE3BA5B8282D771C005D4D0E /* Sources */ = {
			isa = PBXSourcesBuildPhase;
			buildActionMask = 2147483647;
			files = (
				CE3BA5D0282D771C005D4D0E /* SafariWebExtensionHandler.swift in Sources */,
			);
			runOnlyForDeploymentPostprocessing = 0;
		};
/* End PBXSourcesBuildPhase section */

/* Begin PBXTargetDependency section */
		CE3BA5B5282D771C005D4D0E /* PBXTargetDependency */ = {
			isa = PBXTargetDependency;
			target = CE3BA5B1282D771C005D4D0E /* Eggs Enhancement Suite Extension (iOS) */;
			targetProxy = CE3BA5B4282D771C005D4D0E /* PBXContainerItemProxy */;
		};
		CE3BA5BF282D771C005D4D0E /* PBXTargetDependency */ = {
			isa = PBXTargetDependency;
			target = CE3BA5BB282D771C005D4D0E /* Eggs Enhancement Suite Extension (macOS) */;
			targetProxy = CE3BA5BE282D771C005D4D0E /* PBXContainerItemProxy */;
		};
/* End PBXTargetDependency section */

/* Begin PBXVariantGroup section */
		CE3BA586282D7719005D4D0E /* Main.html */ = {
			isa = PBXVariantGroup;
			children = (
				CE3BA587282D7719005D4D0E /* Base */,
			);
			name = Main.html;
			sourceTree = "<group>";
		};
		CE3BA59A282D771C005D4D0E /* LaunchScreen.storyboard */ = {
			isa = PBXVariantGroup;
			children = (
				CE3BA59B282D771C005D4D0E /* Base */,
			);
			name = LaunchScreen.storyboard;
			sourceTree = "<group>";
		};
		CE3BA59D282D771C005D4D0E /* Main.storyboard */ = {
			isa = PBXVariantGroup;
			children = (
				CE3BA59E282D771C005D4D0E /* Base */,
			);
			name = Main.storyboard;
			sourceTree = "<group>";
		};
		CE3BA5A9282D771C005D4D0E /* Main.storyboard */ = {
			isa = PBXVariantGroup;
			children = (
				CE3BA5AA282D771C005D4D0E /* Base */,
			);
			name = Main.storyboard;
			sourceTree = "<group>";
		};
/* End PBXVariantGroup section */

/* Begin XCBuildConfiguration section */
		CE3BA5D1282D771C005D4D0E /* Debug */ = {
			isa = XCBuildConfiguration;
			buildSettings = {
				ALWAYS_SEARCH_USER_PATHS = NO;
				CLANG_ANALYZER_NONNULL = YES;
				CLANG_ANALYZER_NUMBER_OBJECT_CONVERSION = YES_AGGRESSIVE;
				CLANG_CXX_LANGUAGE_STANDARD = "gnu++17";
				CLANG_ENABLE_MODULES = YES;
				CLANG_ENABLE_OBJC_ARC = YES;
				CLANG_ENABLE_OBJC_WEAK = YES;
				CLANG_WARN_BLOCK_CAPTURE_AUTORELEASING = YES;
				CLANG_WARN_BOOL_CONVERSION = YES;
				CLANG_WARN_COMMA = YES;
				CLANG_WARN_CONSTANT_CONVERSION = YES;
				CLANG_WARN_DEPRECATED_OBJC_IMPLEMENTATIONS = YES;
				CLANG_WARN_DIRECT_OBJC_ISA_USAGE = YES_ERROR;
				CLANG_WARN_DOCUMENTATION_COMMENTS = YES;
				CLANG_WARN_EMPTY_BODY = YES;
				CLANG_WARN_ENUM_CONVERSION = YES;
				CLANG_WARN_INFINITE_RECURSION = YES;
				CLANG_WARN_INT_CONVERSION = YES;
				CLANG_WARN_NON_LITERAL_NULL_CONVERSION = YES;
				CLANG_WARN_OBJC_IMPLICIT_RETAIN_SELF = YES;
				CLANG_WARN_OBJC_LITERAL_CONVERSION = YES;
				CLANG_WARN_OBJC_ROOT_CLASS = YES_ERROR;
				CLANG_WARN_QUOTED_INCLUDE_IN_FRAMEWORK_HEADER = YES;
				CLANG_WARN_RANGE_LOOP_ANALYSIS = YES;
				CLANG_WARN_STRICT_PROTOTYPES = YES;
				CLANG_WARN_SUSPICIOUS_MOVE = YES;
				CLANG_WARN_UNGUARDED_AVAILABILITY = YES_AGGRESSIVE;
				CLANG_WARN_UNREACHABLE_CODE = YES;
				CLANG_WARN__DUPLICATE_METHOD_MATCH = YES;
				COPY_PHASE_STRIP = NO;
				DEBUG_INFORMATION_FORMAT = dwarf;
				ENABLE_STRICT_OBJC_MSGSEND = YES;
				ENABLE_TESTABILITY = YES;
				GCC_C_LANGUAGE_STANDARD = gnu11;
				GCC_DYNAMIC_NO_PIC = NO;
				GCC_NO_COMMON_BLOCKS = YES;
				GCC_OPTIMIZATION_LEVEL = 0;
				GCC_PREPROCESSOR_DEFINITIONS = (
					"DEBUG=1",
					"$(inherited)",
				);
				GCC_WARN_64_TO_32_BIT_CONVERSION = YES;
				GCC_WARN_ABOUT_RETURN_TYPE = YES_ERROR;
				GCC_WARN_UNDECLARED_SELECTOR = YES;
				GCC_WARN_UNINITIALIZED_AUTOS = YES_AGGRESSIVE;
				GCC_WARN_UNUSED_FUNCTION = YES;
				GCC_WARN_UNUSED_VARIABLE = YES;
				MTL_ENABLE_DEBUG_INFO = INCLUDE_SOURCE;
				MTL_FAST_MATH = YES;
				ONLY_ACTIVE_ARCH = YES;
				SWIFT_ACTIVE_COMPILATION_CONDITIONS = DEBUG;
				SWIFT_OPTIMIZATION_LEVEL = "-Onone";
			};
			name = Debug;
		};
		CE3BA5D2282D771C005D4D0E /* Release */ = {
			isa = XCBuildConfiguration;
			buildSettings = {
				ALWAYS_SEARCH_USER_PATHS = NO;
				CLANG_ANALYZER_NONNULL = YES;
				CLANG_ANALYZER_NUMBER_OBJECT_CONVERSION = YES_AGGRESSIVE;
				CLANG_CXX_LANGUAGE_STANDARD = "gnu++17";
				CLANG_ENABLE_MODULES = YES;
				CLANG_ENABLE_OBJC_ARC = YES;
				CLANG_ENABLE_OBJC_WEAK = YES;
				CLANG_WARN_BLOCK_CAPTURE_AUTORELEASING = YES;
				CLANG_WARN_BOOL_CONVERSION = YES;
				CLANG_WARN_COMMA = YES;
				CLANG_WARN_CONSTANT_CONVERSION = YES;
				CLANG_WARN_DEPRECATED_OBJC_IMPLEMENTATIONS = YES;
				CLANG_WARN_DIRECT_OBJC_ISA_USAGE = YES_ERROR;
				CLANG_WARN_DOCUMENTATION_COMMENTS = YES;
				CLANG_WARN_EMPTY_BODY = YES;
				CLANG_WARN_ENUM_CONVERSION = YES;
				CLANG_WARN_INFINITE_RECURSION = YES;
				CLANG_WARN_INT_CONVERSION = YES;
				CLANG_WARN_NON_LITERAL_NULL_CONVERSION = YES;
				CLANG_WARN_OBJC_IMPLICIT_RETAIN_SELF = YES;
				CLANG_WARN_OBJC_LITERAL_CONVERSION = YES;
				CLANG_WARN_OBJC_ROOT_CLASS = YES_ERROR;
				CLANG_WARN_QUOTED_INCLUDE_IN_FRAMEWORK_HEADER = YES;
				CLANG_WARN_RANGE_LOOP_ANALYSIS = YES;
				CLANG_WARN_STRICT_PROTOTYPES = YES;
				CLANG_WARN_SUSPICIOUS_MOVE = YES;
				CLANG_WARN_UNGUARDED_AVAILABILITY = YES_AGGRESSIVE;
				CLANG_WARN_UNREACHABLE_CODE = YES;
				CLANG_WARN__DUPLICATE_METHOD_MATCH = YES;
				COPY_PHASE_STRIP = NO;
				DEBUG_INFORMATION_FORMAT = "dwarf-with-dsym";
				ENABLE_NS_ASSERTIONS = NO;
				ENABLE_STRICT_OBJC_MSGSEND = YES;
				GCC_C_LANGUAGE_STANDARD = gnu11;
				GCC_NO_COMMON_BLOCKS = YES;
				GCC_WARN_64_TO_32_BIT_CONVERSION = YES;
				GCC_WARN_ABOUT_RETURN_TYPE = YES_ERROR;
				GCC_WARN_UNDECLARED_SELECTOR = YES;
				GCC_WARN_UNINITIALIZED_AUTOS = YES_AGGRESSIVE;
				GCC_WARN_UNUSED_FUNCTION = YES;
				GCC_WARN_UNUSED_VARIABLE = YES;
				MTL_ENABLE_DEBUG_INFO = NO;
				MTL_FAST_MATH = YES;
				SWIFT_COMPILATION_MODE = wholemodule;
				SWIFT_OPTIMIZATION_LEVEL = "-O";
			};
			name = Release;
		};
		CE3BA5D4282D771C005D4D0E /* Debug */ = {
			isa = XCBuildConfiguration;
			buildSettings = {
				CODE_SIGN_STYLE = Automatic;
				CURRENT_PROJECT_VERSION = 1;
				GENERATE_INFOPLIST_FILE = YES;
				INFOPLIST_FILE = "iOS (Extension)/Info.plist";
				INFOPLIST_KEY_CFBundleDisplayName = "Eggs Enhancement Suite Extension";
				INFOPLIST_KEY_NSHumanReadableCopyright = "";
				IPHONEOS_DEPLOYMENT_TARGET = 15.0;
				LD_RUNPATH_SEARCH_PATHS = (
					"$(inherited)",
					"@executable_path/Frameworks",
					"@executable_path/../../Frameworks",
				);
				MARKETING_VERSION = 1.0;
				OTHER_LDFLAGS = (
					"-framework",
					SafariServices,
				);
				PRODUCT_BUNDLE_IDENTIFIER = "com.yourCompany.Eggs-Enhancement-Suite.Extension";
				PRODUCT_NAME = "Eggs Enhancement Suite Extension";
				SDKROOT = iphoneos;
				SKIP_INSTALL = YES;
				SWIFT_EMIT_LOC_STRINGS = YES;
				SWIFT_VERSION = 5.0;
				TARGETED_DEVICE_FAMILY = "1,2";
			};
			name = Debug;
		};
		CE3BA5D5282D771C005D4D0E /* Release */ = {
			isa = XCBuildConfiguration;
			buildSettings = {
				CODE_SIGN_STYLE = Automatic;
				CURRENT_PROJECT_VERSION = 1;
				GENERATE_INFOPLIST_FILE = YES;
				INFOPLIST_FILE = "iOS (Extension)/Info.plist";
				INFOPLIST_KEY_CFBundleDisplayName = "Eggs Enhancement Suite Extension";
				INFOPLIST_KEY_NSHumanReadableCopyright = "";
				IPHONEOS_DEPLOYMENT_TARGET = 15.0;
				LD_RUNPATH_SEARCH_PATHS = (
					"$(inherited)",
					"@executable_path/Frameworks",
					"@executable_path/../../Frameworks",
				);
				MARKETING_VERSION = 1.0;
				OTHER_LDFLAGS = (
					"-framework",
					SafariServices,
				);
				PRODUCT_BUNDLE_IDENTIFIER = "com.yourCompany.Eggs-Enhancement-Suite.Extension";
				PRODUCT_NAME = "Eggs Enhancement Suite Extension";
				SDKROOT = iphoneos;
				SKIP_INSTALL = YES;
				SWIFT_EMIT_LOC_STRINGS = YES;
				SWIFT_VERSION = 5.0;
				TARGETED_DEVICE_FAMILY = "1,2";
				VALIDATE_PRODUCT = YES;
			};
			name = Release;
		};
		CE3BA5D8282D771C005D4D0E /* Debug */ = {
			isa = XCBuildConfiguration;
			buildSettings = {
				ALWAYS_EMBED_SWIFT_STANDARD_LIBRARIES = YES;
				ASSETCATALOG_COMPILER_APPICON_NAME = AppIcon;
				ASSETCATALOG_COMPILER_GLOBAL_ACCENT_COLOR_NAME = AccentColor;
				CODE_SIGN_STYLE = Automatic;
				CURRENT_PROJECT_VERSION = 1;
				GENERATE_INFOPLIST_FILE = YES;
				INFOPLIST_FILE = "iOS (App)/Info.plist";
				INFOPLIST_KEY_CFBundleDisplayName = "Eggs Enhancement Suite";
				INFOPLIST_KEY_UIApplicationSupportsIndirectInputEvents = YES;
				INFOPLIST_KEY_UILaunchStoryboardName = LaunchScreen;
				INFOPLIST_KEY_UIMainStoryboardFile = Main;
				INFOPLIST_KEY_UISupportedInterfaceOrientations = "UIInterfaceOrientationPortrait UIInterfaceOrientationLandscapeLeft UIInterfaceOrientationLandscapeRight";
				INFOPLIST_KEY_UISupportedInterfaceOrientations_iPad = "UIInterfaceOrientationPortrait UIInterfaceOrientationPortraitUpsideDown UIInterfaceOrientationLandscapeLeft UIInterfaceOrientationLandscapeRight";
				IPHONEOS_DEPLOYMENT_TARGET = 15.0;
				LD_RUNPATH_SEARCH_PATHS = (
					"$(inherited)",
					"@executable_path/Frameworks",
				);
				MARKETING_VERSION = 1.0;
				OTHER_LDFLAGS = (
					"-framework",
					SafariServices,
					"-framework",
					WebKit,
				);
				PRODUCT_BUNDLE_IDENTIFIER = "com.yourCompany.Eggs-Enhancement-Suite";
				PRODUCT_NAME = "Eggs Enhancement Suite";
				SDKROOT = iphoneos;
				SWIFT_EMIT_LOC_STRINGS = YES;
				SWIFT_VERSION = 5.0;
				TARGETED_DEVICE_FAMILY = "1,2";
			};
			name = Debug;
		};
		CE3BA5D9282D771C005D4D0E /* Release */ = {
			isa = XCBuildConfiguration;
			buildSettings = {
				ALWAYS_EMBED_SWIFT_STANDARD_LIBRARIES = YES;
				ASSETCATALOG_COMPILER_APPICON_NAME = AppIcon;
				ASSETCATALOG_COMPILER_GLOBAL_ACCENT_COLOR_NAME = AccentColor;
				CODE_SIGN_STYLE = Automatic;
				CURRENT_PROJECT_VERSION = 1;
				GENERATE_INFOPLIST_FILE = YES;
				INFOPLIST_FILE = "iOS (App)/Info.plist";
				INFOPLIST_KEY_CFBundleDisplayName = "Eggs Enhancement Suite";
				INFOPLIST_KEY_UIApplicationSupportsIndirectInputEvents = YES;
				INFOPLIST_KEY_UILaunchStoryboardName = LaunchScreen;
				INFOPLIST_KEY_UIMainStoryboardFile = Main;
				INFOPLIST_KEY_UISupportedInterfaceOrientations = "UIInterfaceOrientationPortrait UIInterfaceOrientationLandscapeLeft UIInterfaceOrientationLandscapeRight";
				INFOPLIST_KEY_UISupportedInterfaceOrientations_iPad = "UIInterfaceOrientationPortrait UIInterfaceOrientationPortraitUpsideDown UIInterfaceOrientationLandscapeLeft UIInterfaceOrientationLandscapeRight";
				IPHONEOS_DEPLOYMENT_TARGET = 15.0;
				LD_RUNPATH_SEARCH_PATHS = (
					"$(inherited)",
					"@executable_path/Frameworks",
				);
				MARKETING_VERSION = 1.0;
				OTHER_LDFLAGS = (
					"-framework",
					SafariServices,
					"-framework",
					WebKit,
				);
				PRODUCT_BUNDLE_IDENTIFIER = "com.yourCompany.Eggs-Enhancement-Suite";
				PRODUCT_NAME = "Eggs Enhancement Suite";
				SDKROOT = iphoneos;
				SWIFT_EMIT_LOC_STRINGS = YES;
				SWIFT_VERSION = 5.0;
				TARGETED_DEVICE_FAMILY = "1,2";
				VALIDATE_PRODUCT = YES;
			};
			name = Release;
		};
		CE3BA5DB282D771C005D4D0E /* Debug */ = {
			isa = XCBuildConfiguration;
			buildSettings = {
				CODE_SIGN_ENTITLEMENTS = "macOS (Extension)/Eggs Enhancement Suite.entitlements";
				CODE_SIGN_STYLE = Automatic;
				CURRENT_PROJECT_VERSION = 1;
				ENABLE_HARDENED_RUNTIME = YES;
				GENERATE_INFOPLIST_FILE = YES;
				INFOPLIST_FILE = "macOS (Extension)/Info.plist";
				INFOPLIST_KEY_CFBundleDisplayName = "Eggs Enhancement Suite Extension";
				INFOPLIST_KEY_NSHumanReadableCopyright = "";
				LD_RUNPATH_SEARCH_PATHS = (
					"$(inherited)",
					"@executable_path/../Frameworks",
					"@executable_path/../../../../Frameworks",
				);
				MACOSX_DEPLOYMENT_TARGET = 10.14;
				MARKETING_VERSION = 1.0;
				OTHER_LDFLAGS = (
					"-framework",
					SafariServices,
				);
				PRODUCT_BUNDLE_IDENTIFIER = "com.yourCompany.Eggs-Enhancement-Suite.Extension";
				PRODUCT_NAME = "Eggs Enhancement Suite Extension";
				SDKROOT = macosx;
				SKIP_INSTALL = YES;
				SWIFT_EMIT_LOC_STRINGS = YES;
				SWIFT_VERSION = 5.0;
			};
			name = Debug;
		};
		CE3BA5DC282D771C005D4D0E /* Release */ = {
			isa = XCBuildConfiguration;
			buildSettings = {
				CODE_SIGN_ENTITLEMENTS = "macOS (Extension)/Eggs Enhancement Suite.entitlements";
				CODE_SIGN_STYLE = Automatic;
				CURRENT_PROJECT_VERSION = 1;
				ENABLE_HARDENED_RUNTIME = YES;
				GENERATE_INFOPLIST_FILE = YES;
				INFOPLIST_FILE = "macOS (Extension)/Info.plist";
				INFOPLIST_KEY_CFBundleDisplayName = "Eggs Enhancement Suite Extension";
				INFOPLIST_KEY_NSHumanReadableCopyright = "";
				LD_RUNPATH_SEARCH_PATHS = (
					"$(inherited)",
					"@executable_path/../Frameworks",
					"@executable_path/../../../../Frameworks",
				);
				MACOSX_DEPLOYMENT_TARGET = 10.14;
				MARKETING_VERSION = 1.0;
				OTHER_LDFLAGS = (
					"-framework",
					SafariServices,
				);
				PRODUCT_BUNDLE_IDENTIFIER = "com.yourCompany.Eggs-Enhancement-Suite.Extension";
				PRODUCT_NAME = "Eggs Enhancement Suite Extension";
				SDKROOT = macosx;
				SKIP_INSTALL = YES;
				SWIFT_EMIT_LOC_STRINGS = YES;
				SWIFT_VERSION = 5.0;
			};
			name = Release;
		};
		CE3BA5DF282D771C005D4D0E /* Debug */ = {
			isa = XCBuildConfiguration;
			buildSettings = {
				ALWAYS_EMBED_SWIFT_STANDARD_LIBRARIES = YES;
				ASSETCATALOG_COMPILER_APPICON_NAME = AppIcon;
				ASSETCATALOG_COMPILER_GLOBAL_ACCENT_COLOR_NAME = AccentColor;
				CODE_SIGN_ENTITLEMENTS = "macOS (App)/Eggs Enhancement Suite.entitlements";
				CODE_SIGN_STYLE = Automatic;
				CURRENT_PROJECT_VERSION = 1;
				ENABLE_HARDENED_RUNTIME = YES;
				GENERATE_INFOPLIST_FILE = YES;
				INFOPLIST_FILE = "macOS (App)/Info.plist";
				INFOPLIST_KEY_CFBundleDisplayName = "Eggs Enhancement Suite";
				INFOPLIST_KEY_NSMainStoryboardFile = Main;
				INFOPLIST_KEY_NSPrincipalClass = NSApplication;
				LD_RUNPATH_SEARCH_PATHS = (
					"$(inherited)",
					"@executable_path/../Frameworks",
				);
				MACOSX_DEPLOYMENT_TARGET = 10.14;
				MARKETING_VERSION = 1.0;
				OTHER_LDFLAGS = (
					"-framework",
					SafariServices,
					"-framework",
					WebKit,
				);
				PRODUCT_BUNDLE_IDENTIFIER = "com.yourCompany.Eggs-Enhancement-Suite";
				PRODUCT_NAME = "Eggs Enhancement Suite";
				SDKROOT = macosx;
				SWIFT_EMIT_LOC_STRINGS = YES;
				SWIFT_VERSION = 5.0;
			};
			name = Debug;
		};
		CE3BA5E0282D771C005D4D0E /* Release */ = {
			isa = XCBuildConfiguration;
			buildSettings = {
				ALWAYS_EMBED_SWIFT_STANDARD_LIBRARIES = YES;
				ASSETCATALOG_COMPILER_APPICON_NAME = AppIcon;
				ASSETCATALOG_COMPILER_GLOBAL_ACCENT_COLOR_NAME = AccentColor;
				CODE_SIGN_ENTITLEMENTS = "macOS (App)/Eggs Enhancement Suite.entitlements";
				CODE_SIGN_STYLE = Automatic;
				CURRENT_PROJECT_VERSION = 1;
				ENABLE_HARDENED_RUNTIME = YES;
				GENERATE_INFOPLIST_FILE = YES;
				INFOPLIST_FILE = "macOS (App)/Info.plist";
				INFOPLIST_KEY_CFBundleDisplayName = "Eggs Enhancement Suite";
				INFOPLIST_KEY_NSMainStoryboardFile = Main;
				INFOPLIST_KEY_NSPrincipalClass = NSApplication;
				LD_RUNPATH_SEARCH_PATHS = (
					"$(inherited)",
					"@executable_path/../Frameworks",
				);
				MACOSX_DEPLOYMENT_TARGET = 10.14;
				MARKETING_VERSION = 1.0;
				OTHER_LDFLAGS = (
					"-framework",
					SafariServices,
					"-framework",
					WebKit,
				);
				PRODUCT_BUNDLE_IDENTIFIER = "com.yourCompany.Eggs-Enhancement-Suite";
				PRODUCT_NAME = "Eggs Enhancement Suite";
				SDKROOT = macosx;
				SWIFT_EMIT_LOC_STRINGS = YES;
				SWIFT_VERSION = 5.0;
			};
			name = Release;
		};
/* End XCBuildConfiguration section */

/* Begin XCConfigurationList section */
		CE3BA583282D7719005D4D0E /* Build configuration list for PBXProject "Eggs Enhancement Suite" */ = {
			isa = XCConfigurationList;
			buildConfigurations = (
				CE3BA5D1282D771C005D4D0E /* Debug */,
				CE3BA5D2282D771C005D4D0E /* Release */,
			);
			defaultConfigurationIsVisible = 0;
			defaultConfigurationName = Release;
		};
		CE3BA5D3282D771C005D4D0E /* Build configuration list for PBXNativeTarget "Eggs Enhancement Suite Extension (iOS)" */ = {
			isa = XCConfigurationList;
			buildConfigurations = (
				CE3BA5D4282D771C005D4D0E /* Debug */,
				CE3BA5D5282D771C005D4D0E /* Release */,
			);
			defaultConfigurationIsVisible = 0;
			defaultConfigurationName = Release;
		};
		CE3BA5D7282D771C005D4D0E /* Build configuration list for PBXNativeTarget "Eggs Enhancement Suite (iOS)" */ = {
			isa = XCConfigurationList;
			buildConfigurations = (
				CE3BA5D8282D771C005D4D0E /* Debug */,
				CE3BA5D9282D771C005D4D0E /* Release */,
			);
			defaultConfigurationIsVisible = 0;
			defaultConfigurationName = Release;
		};
		CE3BA5DA282D771C005D4D0E /* Build configuration list for PBXNativeTarget "Eggs Enhancement Suite Extension (macOS)" */ = {
			isa = XCConfigurationList;
			buildConfigurations = (
				CE3BA5DB282D771C005D4D0E /* Debug */,
				CE3BA5DC282D771C005D4D0E /* Release */,
			);
			defaultConfigurationIsVisible = 0;
			defaultConfigurationName = Release;
		};
		CE3BA5DE282D771C005D4D0E /* Build configuration list for PBXNativeTarget "Eggs Enhancement Suite (macOS)" */ = {
			isa = XCConfigurationList;
			buildConfigurations = (
				CE3BA5DF282D771C005D4D0E /* Debug */,
				CE3BA5E0282D771C005D4D0E /* Release */,
			);
			defaultConfigurationIsVisible = 0;
			defaultConfigurationName = Release;
		};
/* End XCConfigurationList section */
	};
	rootObject = CE3BA580282D7719005D4D0E /* Project object */;
}
